
Microsoft Visual Studio Solution File, Format Version 12.00
# Visual Studio Version 17
VisualStudioVersion = 17.14.36623.8 d17.14
MinimumVisualStudioVersion = 10.0.40219.1
Project("{FAE04EC0-301F-11D3-BF4B-00C04F79EFBC}") = "studentcrudApp", "studentcrudApp\studentcrudApp.csproj", "{DB47BC5F-4AA5-41D1-9211-88AE89E0E52F}"
EndProject
Global
	GlobalSection(SolutionConfigurationPlatforms) = preSolution
		Debug|Any CPU = Debug|Any CPU
		Release|Any CPU = Release|Any CPU
	EndGlobalSection
	GlobalSection(ProjectConfigurationPlatforms) = postSolution
		{DB47BC5F-4AA5-41D1-9211-88AE89E0E52F}.Debug|Any CPU.ActiveCfg = Debug|Any CPU
		{DB47BC5F-4AA5-41D1-9211-88AE89E0E52F}.Debug|Any CPU.Build.0 = Debug|Any CPU
		{DB47BC5F-4AA5-41D1-9211-88AE89E0E52F}.Release|Any CPU.ActiveCfg = Release|Any CPU
		{DB47BC5F-4AA5-41D1-9211-88AE89E0E52F}.Release|Any CPU.Build.0 = Release|Any CPU
	EndGlobalSection
	GlobalSection(SolutionProperties) = preSolution
		HideSolutionNode = FALSE
	EndGlobalSection
	GlobalSection(ExtensibilityGlobals) = postSolution
		SolutionGuid = {0ED573EC-01E7-4D61-A0D5-997D6FCB846A}
	EndGlobalSection
EndGlobal
